// !$*UTF8*$!
{
	archiveVersion = 1;
	classes = {
	};
	objectVersion = 56;
	objects = {

/* Begin PBXBuildFile section */
		AF5B34002A458B4B001B68F6 /* RealityKitContent in Frameworks */ = {isa = PBXBuildFile; productRef = AF5B33FF2A458B4B001B68F6 /* RealityKitContent */; };
		AF5B34022A458B4B001B68F6 /* NetflixCloneVisionProApp.swift in Sources */ = {isa = PBXBuildFile; fileRef = AF5B34012A458B4B001B68F6 /* NetflixCloneVisionProApp.swift */; };
		AF5B34062A458B4B001B68F6 /* ImmersiveView.swift in Sources */ = {isa = PBXBuildFile; fileRef = AF5B34052A458B4B001B68F6 /* ImmersiveView.swift */; };
		AF5B34082A458B4D001B68F6 /* Assets.xcassets in Resources */ = {isa = PBXBuildFile; fileRef = AF5B34072A458B4D001B68F6 /* Assets.xcassets */; };
		AF5B340B2A458B4D001B68F6 /* Preview Assets.xcassets in Resources */ = {isa = PBXBuildFile; fileRef = AF5B340A2A458B4D001B68F6 /* Preview Assets.xcassets */; };
		AF5B34222A4590AD001B68F6 /* EMenu.swift in Sources */ = {isa = PBXBuildFile; fileRef = AF5B34212A4590AD001B68F6 /* EMenu.swift */; };
		AF5B34242A45919E001B68F6 /* HomeView.swift in Sources */ = {isa = PBXBuildFile; fileRef = AF5B34232A45919E001B68F6 /* HomeView.swift */; };
		AF5B34262A4591B2001B68F6 /* MenuView.swift in Sources */ = {isa = PBXBuildFile; fileRef = AF5B34252A4591B2001B68F6 /* MenuView.swift */; };
		AF5B34282A4591CF001B68F6 /* MenuBarItemView.swift in Sources */ = {isa = PBXBuildFile; fileRef = AF5B34272A4591CF001B68F6 /* MenuBarItemView.swift */; };
		AF5B342C2A459A8B001B68F6 /* TrailingMenuView.swift in Sources */ = {isa = PBXBuildFile; fileRef = AF5B342B2A459A8B001B68F6 /* TrailingMenuView.swift */; };
/* End PBXBuildFile section */

/* Begin PBXFileReference section */
		AF5B33FA2A458B4B001B68F6 /* NetflixCloneVisionPro.app */ = {isa = PBXFileReference; explicitFileType = wrapper.application; includeInIndex = 0; path = NetflixCloneVisionPro.app; sourceTree = BUILT_PRODUCTS_DIR; };
		AF5B33FE2A458B4B001B68F6 /* RealityKitContent */ = {isa = PBXFileReference; lastKnownFileType = wrapper; path = RealityKitContent; sourceTree = "<group>"; };
		AF5B34012A458B4B001B68F6 /* NetflixCloneVisionProApp.swift */ = {isa = PBXFileReference; lastKnownFileType = sourcecode.swift; path = NetflixCloneVisionProApp.swift; sourceTree = "<group>"; };
		AF5B34052A458B4B001B68F6 /* ImmersiveView.swift */ = {isa = PBXFileReference; lastKnownFileType = sourcecode.swift; path = ImmersiveView.swift; sourceTree = "<group>"; };
		AF5B34072A458B4D001B68F6 /* Assets.xcassets */ = {isa = PBXFileReference; lastKnownFileType = folder.assetcatalog; path = Assets.xcassets; sourceTree = "<group>"; };
		AF5B340A2A458B4D001B68F6 /* Preview Assets.xcassets */ = {isa = PBXFileReference; lastKnownFileType = folder.assetcatalog; path = "Preview Assets.xcassets"; sourceTree = "<group>"; };
		AF5B340C2A458B4D001B68F6 /* Info.plist */ = {isa = PBXFileReference; lastKnownFileType = text.plist.xml; path = Info.plist; sourceTree = "<group>"; };
		AF5B34212A4590AD001B68F6 /* EMenu.swift */ = {isa = PBXFileReference; lastKnownFileType = sourcecode.swift; path = EMenu.swift; sourceTree = "<group>"; };
		AF5B34232A45919E001B68F6 /* HomeView.swift */ = {isa = PBXFileReference; lastKnownFileType = sourcecode.swift; path = HomeView.swift; sourceTree = "<group>"; };
		AF5B34252A4591B2001B68F6 /* MenuView.swift */ = {isa = PBXFileReference; lastKnownFileType = sourcecode.swift; path = MenuView.swift; sourceTree = "<group>"; };
		AF5B34272A4591CF001B68F6 /* MenuBarItemView.swift */ = {isa = PBXFileReference; lastKnownFileType = sourcecode.swift; path = MenuBarItemView.swift; sourceTree = "<group>"; };
		AF5B342B2A459A8B001B68F6 /* TrailingMenuView.swift */ = {isa = PBXFileReference; lastKnownFileType = sourcecode.swift; path = TrailingMenuView.swift; sourceTree = "<group>"; };
/* End PBXFileReference section */

/* Begin PBXFrameworksBuildPhase section */
		AF5B33F72A458B4B001B68F6 /* Frameworks */ = {
			isa = PBXFrameworksBuildPhase;
			buildActionMask = 2147483647;
			files = (
				AF5B34002A458B4B001B68F6 /* RealityKitContent in Frameworks */,
			);
			runOnlyForDeploymentPostprocessing = 0;
		};
/* End PBXFrameworksBuildPhase section */

/* Begin PBXGroup section */
		AF5B33F12A458B4B001B68F6 = {
			isa = PBXGroup;
			children = (
				AF5B33FC2A458B4B001B68F6 /* NetflixCloneVisionPro */,
				AF5B33FD2A458B4B001B68F6 /* Packages */,
				AF5B33FB2A458B4B001B68F6 /* Products */,
			);
			sourceTree = "<group>";
		};
		AF5B33FB2A458B4B001B68F6 /* Products */ = {
			isa = PBXGroup;
			children = (
				AF5B33FA2A458B4B001B68F6 /* NetflixCloneVisionPro.app */,
			);
			name = Products;
			sourceTree = "<group>";
		};
		AF5B33FC2A458B4B001B68F6 /* NetflixCloneVisionPro */ = {
			isa = PBXGroup;
			children = (
				AF5B34122A458C0C001B68F6 /* App */,
				AF5B34132A458F44001B68F6 /* Core */,
				AF5B34152A458F4E001B68F6 /* Extension */,
				AF5B34052A458B4B001B68F6 /* ImmersiveView.swift */,
				AF5B340C2A458B4D001B68F6 /* Info.plist */,
				AF5B34142A458F4A001B68F6 /* Model */,
				AF5B34162A458F6A001B68F6 /* Network */,
				AF5B34092A458B4D001B68F6 /* Preview Content */,
			);
			path = NetflixCloneVisionPro;
			sourceTree = "<group>";
		};
		AF5B33FD2A458B4B001B68F6 /* Packages */ = {
			isa = PBXGroup;
			children = (
				AF5B33FE2A458B4B001B68F6 /* RealityKitContent */,
			);
			path = Packages;
			sourceTree = "<group>";
		};
		AF5B34092A458B4D001B68F6 /* Preview Content */ = {
			isa = PBXGroup;
			children = (
				AF5B340A2A458B4D001B68F6 /* Preview Assets.xcassets */,
			);
			path = "Preview Content";
			sourceTree = "<group>";
		};
		AF5B34122A458C0C001B68F6 /* App */ = {
			isa = PBXGroup;
			children = (
				AF5B34072A458B4D001B68F6 /* Assets.xcassets */,
				AF5B34012A458B4B001B68F6 /* NetflixCloneVisionProApp.swift */,
			);
			path = App;
			sourceTree = "<group>";
		};
		AF5B34132A458F44001B68F6 /* Core */ = {
			isa = PBXGroup;
			children = (
				AF5B34172A458F79001B68F6 /* Home */,
				AF5B341A2A459025001B68F6 /* Menu */,
			);
			path = Core;
			sourceTree = "<group>";
		};
		AF5B34142A458F4A001B68F6 /* Model */ = {
			isa = PBXGroup;
			children = (
				AF5B34212A4590AD001B68F6 /* EMenu.swift */,
			);
			path = Model;
			sourceTree = "<group>";
		};
		AF5B34152A458F4E001B68F6 /* Extension */ = {
			isa = PBXGroup;
			children = (
			);
			path = Extension;
			sourceTree = "<group>";
		};
		AF5B34162A458F6A001B68F6 /* Network */ = {
			isa = PBXGroup;
			children = (
			);
			path = Network;
			sourceTree = "<group>";
		};
		AF5B34172A458F79001B68F6 /* Home */ = {
			isa = PBXGroup;
			children = (
				AF5B34192A458F81001B68F6 /* ViewModel */,
				AF5B34182A458F7C001B68F6 /* Views */,
			);
			path = Home;
			sourceTree = "<group>";
		};
		AF5B34182A458F7C001B68F6 /* Views */ = {
			isa = PBXGroup;
			children = (
				AF5B34232A45919E001B68F6 /* HomeView.swift */,
			);
			path = Views;
			sourceTree = "<group>";
		};
		AF5B34192A458F81001B68F6 /* ViewModel */ = {
			isa = PBXGroup;
			children = (
			);
			path = ViewModel;
			sourceTree = "<group>";
		};
		AF5B341A2A459025001B68F6 /* Menu */ = {
			isa = PBXGroup;
			children = (
				AF5B341B2A459028001B68F6 /* Views */,
			);
			path = Menu;
			sourceTree = "<group>";
		};
		AF5B341B2A459028001B68F6 /* Views */ = {
			isa = PBXGroup;
			children = (
				AF5B34252A4591B2001B68F6 /* MenuView.swift */,
				AF5B34272A4591CF001B68F6 /* MenuBarItemView.swift */,
				AF5B342B2A459A8B001B68F6 /* TrailingMenuView.swift */,
			);
			path = Views;
			sourceTree = "<group>";
		};
/* End PBXGroup section */

/* Begin PBXNativeTarget section */
		AF5B33F92A458B4B001B68F6 /* NetflixCloneVisionPro */ = {
			isa = PBXNativeTarget;
			buildConfigurationList = AF5B340F2A458B4D001B68F6 /* Build configuration list for PBXNativeTarget "NetflixCloneVisionPro" */;
			buildPhases = (
				AF5B33F62A458B4B001B68F6 /* Sources */,
				AF5B33F72A458B4B001B68F6 /* Frameworks */,
				AF5B33F82A458B4B001B68F6 /* Resources */,
			);
			buildRules = (
			);
			dependencies = (
			);
			name = NetflixCloneVisionPro;
			packageProductDependencies = (
				AF5B33FF2A458B4B001B68F6 /* RealityKitContent */,
			);
			productName = NetflixCloneVisionPro;
			productReference = AF5B33FA2A458B4B001B68F6 /* NetflixCloneVisionPro.app */;
			productType = "com.apple.product-type.application";
		};
/* End PBXNativeTarget section */

/* Begin PBXProject section */
		AF5B33F22A458B4B001B68F6 /* Project object */ = {
			isa = PBXProject;
			attributes = {
				BuildIndependentTargetsInParallel = 1;
				LastSwiftUpdateCheck = 1500;
				LastUpgradeCheck = 1500;
				TargetAttributes = {
					AF5B33F92A458B4B001B68F6 = {
						CreatedOnToolsVersion = 15.0;
					};
				};
			};
			buildConfigurationList = AF5B33F52A458B4B001B68F6 /* Build configuration list for PBXProject "NetflixCloneVisionPro" */;
			compatibilityVersion = "Xcode 14.0";
			developmentRegion = en;
			hasScannedForEncodings = 0;
			knownRegions = (
				en,
				Base,
			);
			mainGroup = AF5B33F12A458B4B001B68F6;
			productRefGroup = AF5B33FB2A458B4B001B68F6 /* Products */;
			projectDirPath = "";
			projectRoot = "";
			targets = (
				AF5B33F92A458B4B001B68F6 /* NetflixCloneVisionPro */,
			);
		};
/* End PBXProject section */

/* Begin PBXResourcesBuildPhase section */
		AF5B33F82A458B4B001B68F6 /* Resources */ = {
			isa = PBXResourcesBuildPhase;
			buildActionMask = 2147483647;
			files = (
				AF5B340B2A458B4D001B68F6 /* Preview Assets.xcassets in Resources */,
				AF5B34082A458B4D001B68F6 /* Assets.xcassets in Resources */,
			);
			runOnlyForDeploymentPostprocessing = 0;
		};
/* End PBXResourcesBuildPhase section */

/* Begin PBXSourcesBuildPhase section */
		AF5B33F62A458B4B001B68F6 /* Sources */ = {
			isa = PBXSourcesBuildPhase;
			buildActionMask = 2147483647;
			files = (
				AF5B34222A4590AD001B68F6 /* EMenu.swift in Sources */,
				AF5B34262A4591B2001B68F6 /* MenuView.swift in Sources */,
				AF5B34282A4591CF001B68F6 /* MenuBarItemView.swift in Sources */,
				AF5B34022A458B4B001B68F6 /* NetflixCloneVisionProApp.swift in Sources */,
				AF5B34242A45919E001B68F6 /* HomeView.swift in Sources */,
				AF5B342C2A459A8B001B68F6 /* TrailingMenuView.swift in Sources */,
				AF5B34062A458B4B001B68F6 /* ImmersiveView.swift in Sources */,
			);
			runOnlyForDeploymentPostprocessing = 0;
		};
/* End PBXSourcesBuildPhase section */

/* Begin XCBuildConfiguration section */
		AF5B340D2A458B4D001B68F6 /* Debug */ = {
			isa = XCBuildConfiguration;
			buildSettings = {
				ALWAYS_SEARCH_USER_PATHS = NO;
				ASSETCATALOG_COMPILER_GENERATE_SWIFT_ASSET_SYMBOL_EXTENSIONS = YES;
				CLANG_ANALYZER_NONNULL = YES;
				CLANG_ANALYZER_NUMBER_OBJECT_CONVERSION = YES_AGGRESSIVE;
				CLANG_CXX_LANGUAGE_STANDARD = "gnu++20";
				CLANG_ENABLE_MODULES = YES;
				CLANG_ENABLE_OBJC_ARC = YES;
				CLANG_ENABLE_OBJC_WEAK = YES;
				CLANG_WARN_BLOCK_CAPTURE_AUTORELEASING = YES;
				CLANG_WARN_BOOL_CONVERSION = YES;
				CLANG_WARN_COMMA = YES;
				CLANG_WARN_CONSTANT_CONVERSION = YES;
				CLANG_WARN_DEPRECATED_OBJC_IMPLEMENTATIONS = YES;
				CLANG_WARN_DIRECT_OBJC_ISA_USAGE = YES_ERROR;
				CLANG_WARN_DOCUMENTATION_COMMENTS = YES;
				CLANG_WARN_EMPTY_BODY = YES;
				CLANG_WARN_ENUM_CONVERSION = YES;
				CLANG_WARN_INFINITE_RECURSION = YES;
				CLANG_WARN_INT_CONVERSION = YES;
				CLANG_WARN_NON_LITERAL_NULL_CONVERSION = YES;
				CLANG_WARN_OBJC_IMPLICIT_RETAIN_SELF = YES;
				CLANG_WARN_OBJC_LITERAL_CONVERSION = YES;
				CLANG_WARN_OBJC_ROOT_CLASS = YES_ERROR;
				CLANG_WARN_QUOTED_INCLUDE_IN_FRAMEWORK_HEADER = YES;
				CLANG_WARN_RANGE_LOOP_ANALYSIS = YES;
				CLANG_WARN_STRICT_PROTOTYPES = YES;
				CLANG_WARN_SUSPICIOUS_MOVE = YES;
				CLANG_WARN_UNGUARDED_AVAILABILITY = YES_AGGRESSIVE;
				CLANG_WARN_UNREACHABLE_CODE = YES;
				CLANG_WARN__DUPLICATE_METHOD_MATCH = YES;
				COPY_PHASE_STRIP = NO;
				DEBUG_INFORMATION_FORMAT = dwarf;
				ENABLE_STRICT_OBJC_MSGSEND = YES;
				ENABLE_TESTABILITY = YES;
				ENABLE_USER_SCRIPT_SANDBOXING = YES;
				GCC_C_LANGUAGE_STANDARD = gnu17;
				GCC_DYNAMIC_NO_PIC = NO;
				GCC_NO_COMMON_BLOCKS = YES;
				GCC_OPTIMIZATION_LEVEL = 0;
				GCC_PREPROCESSOR_DEFINITIONS = (
					"DEBUG=1",
					"$(inherited)",
				);
				GCC_WARN_64_TO_32_BIT_CONVERSION = YES;
				GCC_WARN_ABOUT_RETURN_TYPE = YES_ERROR;
				GCC_WARN_UNDECLARED_SELECTOR = YES;
				GCC_WARN_UNINITIALIZED_AUTOS = YES_AGGRESSIVE;
				GCC_WARN_UNUSED_FUNCTION = YES;
				GCC_WARN_UNUSED_VARIABLE = YES;
				LOCALIZATION_PREFERS_STRING_CATALOGS = YES;
				MTL_ENABLE_DEBUG_INFO = INCLUDE_SOURCE;
				MTL_FAST_MATH = YES;
				ONLY_ACTIVE_ARCH = YES;
				SDKROOT = xros;
				SWIFT_ACTIVE_COMPILATION_CONDITIONS = "DEBUG $(inherited)";
				SWIFT_OPTIMIZATION_LEVEL = "-Onone";
				XROS_DEPLOYMENT_TARGET = 1.0;
			};
			name = Debug;
		};
		AF5B340E2A458B4D001B68F6 /* Release */ = {
			isa = XCBuildConfiguration;
			buildSettings = {
				ALWAYS_SEARCH_USER_PATHS = NO;
				ASSETCATALOG_COMPILER_GENERATE_SWIFT_ASSET_SYMBOL_EXTENSIONS = YES;
				CLANG_ANALYZER_NONNULL = YES;
				CLANG_ANALYZER_NUMBER_OBJECT_CONVERSION = YES_AGGRESSIVE;
				CLANG_CXX_LANGUAGE_STANDARD = "gnu++20";
				CLANG_ENABLE_MODULES = YES;
				CLANG_ENABLE_OBJC_ARC = YES;
				CLANG_ENABLE_OBJC_WEAK = YES;
				CLANG_WARN_BLOCK_CAPTURE_AUTORELEASING = YES;
				CLANG_WARN_BOOL_CONVERSION = YES;
				CLANG_WARN_COMMA = YES;
				CLANG_WARN_CONSTANT_CONVERSION = YES;
				CLANG_WARN_DEPRECATED_OBJC_IMPLEMENTATIONS = YES;
				CLANG_WARN_DIRECT_OBJC_ISA_USAGE = YES_ERROR;
				CLANG_WARN_DOCUMENTATION_COMMENTS = YES;
				CLANG_WARN_EMPTY_BODY = YES;
				CLANG_WARN_ENUM_CONVERSION = YES;
				CLANG_WARN_INFINITE_RECURSION = YES;
				CLANG_WARN_INT_CONVERSION = YES;
				CLANG_WARN_NON_LITERAL_NULL_CONVERSION = YES;
				CLANG_WARN_OBJC_IMPLICIT_RETAIN_SELF = YES;
				CLANG_WARN_OBJC_LITERAL_CONVERSION = YES;
				CLANG_WARN_OBJC_ROOT_CLASS = YES_ERROR;
				CLANG_WARN_QUOTED_INCLUDE_IN_FRAMEWORK_HEADER = YES;
				CLANG_WARN_RANGE_LOOP_ANALYSIS = YES;
				CLANG_WARN_STRICT_PROTOTYPES = YES;
				CLANG_WARN_SUSPICIOUS_MOVE = YES;
				CLANG_WARN_UNGUARDED_AVAILABILITY = YES_AGGRESSIVE;
				CLANG_WARN_UNREACHABLE_CODE = YES;
				CLANG_WARN__DUPLICATE_METHOD_MATCH = YES;
				COPY_PHASE_STRIP = NO;
				DEBUG_INFORMATION_FORMAT = "dwarf-with-dsym";
				ENABLE_NS_ASSERTIONS = NO;
				ENABLE_STRICT_OBJC_MSGSEND = YES;
				ENABLE_USER_SCRIPT_SANDBOXING = YES;
				GCC_C_LANGUAGE_STANDARD = gnu17;
				GCC_NO_COMMON_BLOCKS = YES;
				GCC_WARN_64_TO_32_BIT_CONVERSION = YES;
				GCC_WARN_ABOUT_RETURN_TYPE = YES_ERROR;
				GCC_WARN_UNDECLARED_SELECTOR = YES;
				GCC_WARN_UNINITIALIZED_AUTOS = YES_AGGRESSIVE;
				GCC_WARN_UNUSED_FUNCTION = YES;
				GCC_WARN_UNUSED_VARIABLE = YES;
				LOCALIZATION_PREFERS_STRING_CATALOGS = YES;
				MTL_ENABLE_DEBUG_INFO = NO;
				MTL_FAST_MATH = YES;
				SDKROOT = xros;
				SWIFT_COMPILATION_MODE = wholemodule;
				VALIDATE_PRODUCT = YES;
				XROS_DEPLOYMENT_TARGET = 1.0;
			};
			name = Release;
		};
		AF5B34102A458B4D001B68F6 /* Debug */ = {
			isa = XCBuildConfiguration;
			buildSettings = {
				ASSETCATALOG_COMPILER_APPICON_NAME = AppIcon;
				ASSETCATALOG_COMPILER_GLOBAL_ACCENT_COLOR_NAME = AccentColor;
				ASSETCATALOG_COMPILER_INCLUDE_ALL_APPICON_ASSETS = YES;
				CODE_SIGN_STYLE = Automatic;
				CURRENT_PROJECT_VERSION = 1;
				DEVELOPMENT_ASSET_PATHS = "\"NetflixCloneVisionPro/Preview Content\"";
				DEVELOPMENT_TEAM = SHP38F3EM7;
				ENABLE_PREVIEWS = YES;
				GENERATE_INFOPLIST_FILE = YES;
				INFOPLIST_FILE = NetflixCloneVisionPro/Info.plist;
				INFOPLIST_KEY_CFBundleDisplayName = Netflix;
				INFOPLIST_KEY_UIApplicationSceneManifest_Generation = YES;
				LD_RUNPATH_SEARCH_PATHS = (
					"$(inherited)",
					"@executable_path/Frameworks",
				);
				MARKETING_VERSION = 1.0;
				PRODUCT_BUNDLE_IDENTIFIER = barisozgen.NetflixCloneVisionPro;
				PRODUCT_NAME = "$(TARGET_NAME)";
				SUPPORTED_PLATFORMS = "xros xrsimulator";
				SWIFT_EMIT_LOC_STRINGS = YES;
				SWIFT_VERSION = 5.0;
				TARGETED_DEVICE_FAMILY = "1,2,7";
			};
			name = Debug;
		};
		AF5B34112A458B4D001B68F6 /* Release */ = {
			isa = XCBuildConfiguration;
			buildSettings = {
				ASSETCATALOG_COMPILER_APPICON_NAME = AppIcon;
				ASSETCATALOG_COMPILER_GLOBAL_ACCENT_COLOR_NAME = AccentColor;
				ASSETCATALOG_COMPILER_INCLUDE_ALL_APPICON_ASSETS = YES;
				CODE_SIGN_STYLE = Automatic;
				CURRENT_PROJECT_VERSION = 1;
				DEVELOPMENT_ASSET_PATHS = "\"NetflixCloneVisionPro/Preview Content\"";
				DEVELOPMENT_TEAM = SHP38F3EM7;
				ENABLE_PREVIEWS = YES;
				GENERATE_INFOPLIST_FILE = YES;
				INFOPLIST_FILE = NetflixCloneVisionPro/Info.plist;
				INFOPLIST_KEY_CFBundleDisplayName = Netflix;
				INFOPLIST_KEY_UIApplicationSceneManifest_Generation = YES;
				LD_RUNPATH_SEARCH_PATHS = (
					"$(inherited)",
					"@executable_path/Frameworks",
				);
				MARKETING_VERSION = 1.0;
				PRODUCT_BUNDLE_IDENTIFIER = barisozgen.NetflixCloneVisionPro;
				PRODUCT_NAME = "$(TARGET_NAME)";
				SUPPORTED_PLATFORMS = "xros xrsimulator";
				SWIFT_EMIT_LOC_STRINGS = YES;
				SWIFT_VERSION = 5.0;
				TARGETED_DEVICE_FAMILY = "1,2,7";
			};
			name = Release;
		};
/* End XCBuildConfiguration section */

/* Begin XCConfigurationList section */
		AF5B33F52A458B4B001B68F6 /* Build configuration list for PBXProject "NetflixCloneVisionPro" */ = {
			isa = XCConfigurationList;
			buildConfigurations = (
				AF5B340D2A458B4D001B68F6 /* Debug */,
				AF5B340E2A458B4D001B68F6 /* Release */,
			);
			defaultConfigurationIsVisible = 0;
			defaultConfigurationName = Release;
		};
		AF5B340F2A458B4D001B68F6 /* Build configuration list for PBXNativeTarget "NetflixCloneVisionPro" */ = {
			isa = XCConfigurationList;
			buildConfigurations = (
				AF5B34102A458B4D001B68F6 /* Debug */,
				AF5B34112A458B4D001B68F6 /* Release */,
			);
			defaultConfigurationIsVisible = 0;
			defaultConfigurationName = Release;
		};
/* End XCConfigurationList section */

/* Begin XCSwiftPackageProductDependency section */
		AF5B33FF2A458B4B001B68F6 /* RealityKitContent */ = {
			isa = XCSwiftPackageProductDependency;
			productName = RealityKitContent;
		};
/* End XCSwiftPackageProductDependency section */
	};
	rootObject = AF5B33F22A458B4B001B68F6 /* Project object */;
}
